PODS:
  - SCParser (1.1)
  - VKMusicBypass (0.4)

DEPENDENCIES:
  - SCParser
  - VKMusicBypass

SPEC REPOS:
  https://github.com/danpashin/DeveletoryPod.git:
    - SCParser
    - VKMusicBypass

SPEC CHECKSUMS:
  SCParser: 47e0f590bba01509927cea9d45a72342ec1f4c9e
  VKMusicBypass: 5b3f49ecdf45c62a26c8161a82db7b4bef407afb

PODFILE CHECKSUM: c812cf7bf01946e06307d134db44d692343e7474

COCOAPODS: 1.7.5
